
Microsoft Visual Studio Solution File, Format Version 12.00
# Visual Studio Version 17
VisualStudioVersion = 17.10.34916.146
MinimumVisualStudioVersion = 10.0.40219.1
Project("{FAE04EC0-301F-11D3-BF4B-00C04F79EFBC}") = "MauiApp1", "MauiApp1.csproj", "{02B6B765-AC44-4612-84AA-BA24B88E1E8A}"
EndProject
Global
	GlobalSection(SolutionConfigurationPlatforms) = preSolution
		Debug|Any CPU = Debug|Any CPU
		Release|Any CPU = Release|Any CPU
	EndGlobalSection
	GlobalSection(ProjectConfigurationPlatforms) = postSolution
		{02B6B765-AC44-4612-84AA-BA24B88E1E8A}.Debug|Any CPU.ActiveCfg = Debug|Any CPU
		{02B6B765-AC44-4612-84AA-BA24B88E1E8A}.Debug|Any CPU.Build.0 = Debug|Any CPU
		{02B6B765-AC44-4612-84AA-BA24B88E1E8A}.Debug|Any CPU.Deploy.0 = Debug|Any CPU
		{02B6B765-AC44-4612-84AA-BA24B88E1E8A}.Release|Any CPU.ActiveCfg = Release|Any CPU
		{02B6B765-AC44-4612-84AA-BA24B88E1E8A}.Release|Any CPU.Build.0 = Release|Any CPU
		{02B6B765-AC44-4612-84AA-BA24B88E1E8A}.Release|Any CPU.Deploy.0 = Release|Any CPU
	EndGlobalSection
	GlobalSection(SolutionProperties) = preSolution
		HideSolutionNode = FALSE
	EndGlobalSection
	GlobalSection(ExtensibilityGlobals) = postSolution
		SolutionGuid = {2EAD3AEF-F9E5-4671-A1E8-58D11DAD582D}
	EndGlobalSection
EndGlobal
